
Microsoft Visual Studio Solution File, Format Version 11.00
# Visual C# Express 2010
Project("{FAE04EC0-301F-11D3-BF4B-00C04F79EFBC}") = "SquareChase", "SquareChase\SquareChase\SquareChase.csproj", "{C8242E7B-21E7-4036-BCCB-FB77037A980C}"
EndProject
Project("{96E2B04D-8817-42C6-938A-82C39BA4D311}") = "SquareChaseContent", "SquareChase\SquareChaseContent\SquareChaseContent.contentproj", "{95FD001F-6F59-4528-BAAD-2E12D83ABAF6}"
EndProject
Global
	GlobalSection(SolutionConfigurationPlatforms) = preSolution
		Debug|x86 = Debug|x86
		Release|x86 = Release|x86
	EndGlobalSection
	GlobalSection(ProjectConfigurationPlatforms) = postSolution
		{C8242E7B-21E7-4036-BCCB-FB77037A980C}.Debug|x86.ActiveCfg = Debug|x86
		{C8242E7B-21E7-4036-BCCB-FB77037A980C}.Debug|x86.Build.0 = Debug|x86
		{C8242E7B-21E7-4036-BCCB-FB77037A980C}.Release|x86.ActiveCfg = Release|x86
		{C8242E7B-21E7-4036-BCCB-FB77037A980C}.Release|x86.Build.0 = Release|x86
		{95FD001F-6F59-4528-BAAD-2E12D83ABAF6}.Debug|x86.ActiveCfg = Debug|x86
		{95FD001F-6F59-4528-BAAD-2E12D83ABAF6}.Release|x86.ActiveCfg = Release|x86
	EndGlobalSection
	GlobalSection(SolutionProperties) = preSolution
		HideSolutionNode = FALSE
	EndGlobalSection
EndGlobal
